
Microsoft Visual Studio Solution File, Format Version 12.00
# Visual Studio Version 17
VisualStudioVersion = 17.3.32929.385
MinimumVisualStudioVersion = 10.0.40219.1
Project("{FAE04EC0-301F-11D3-BF4B-00C04F79EFBC}") = "CPSC-481-Digital-Library-Prototype", "CPSC-481-Digital-Library-Prototype.csproj", "{EA5528CD-9D5C-40E5-98EB-B737E1582A25}"
EndProject
Global
	GlobalSection(SolutionConfigurationPlatforms) = preSolution
		Debug|Any CPU = Debug|Any CPU
		Release|Any CPU = Release|Any CPU
	EndGlobalSection
	GlobalSection(ProjectConfigurationPlatforms) = postSolution
		{EA5528CD-9D5C-40E5-98EB-B737E1582A25}.Debug|Any CPU.ActiveCfg = Debug|Any CPU
		{EA5528CD-9D5C-40E5-98EB-B737E1582A25}.Debug|Any CPU.Build.0 = Debug|Any CPU
		{EA5528CD-9D5C-40E5-98EB-B737E1582A25}.Release|Any CPU.ActiveCfg = Release|Any CPU
		{EA5528CD-9D5C-40E5-98EB-B737E1582A25}.Release|Any CPU.Build.0 = Release|Any CPU
	EndGlobalSection
	GlobalSection(SolutionProperties) = preSolution
		HideSolutionNode = FALSE
	EndGlobalSection
	GlobalSection(ExtensibilityGlobals) = postSolution
		SolutionGuid = {B62D9FEF-985C-4064-AF8F-1ECBB3DFC614}
	EndGlobalSection
EndGlobal
